<?xml version="1.0" encoding="utf-8"?>
<Project ToolsVersion="4.0" xmlns="http://schemas.microsoft.com/developer/msbuild/2003">
  <ItemGroup>
    <Filter Include="Source">
      <UniqueIdentifier>{84bf0a18-5e1e-4cb1-b424-47c9a148974b}</UniqueIdentifier>
    </Filter>
    <Filter Include="Source\Application">
      <UniqueIdentifier>{ab68af84-ca37-4b3d-b085-84a7a19341d6}</UniqueIdentifier>
    </Filter>
    <Filter Include="Source\Platform">
      <UniqueIdentifier>{7e3527f0-b6b6-46ed-95f1-6a4c68352212}</UniqueIdentifier>
    </Filter>
    <Filter Include="Source\RHI">
      <UniqueIdentifier>{06549d6c-0be0-40c5-a492-c9639dd115cf}</UniqueIdentifier>
    </Filter>
    <Filter Include="Source\RHI\D3D12">
      <UniqueIdentifier>{a8123186-4c43-4a60-bece-8a66f7876e87}</UniqueIdentifier>
    </Filter>
    <Filter Include="Source\Platform\Windows">
      <UniqueIdentifier>{ba8e6b3e-47c1-46b7-99ab-258239be27b6}</UniqueIdentifier>
    </Filter>
    <Filter Include="Source\Renderer">
      <UniqueIdentifier>{f1d155f1-afdc-4a40-a999-d0892c240661}</UniqueIdentifier>
    </Filter>
    <Filter Include="Source\Shaders">
      <UniqueIdentifier>{e9ec1094-31ee-48ae-a3ec-5ead444ee479}</UniqueIdentifier>
    </Filter>
    <Filter Include="Source\Scene">
      <UniqueIdentifier>{5591f0f6-b212-4236-ad9a-b4f0c96532e2}</UniqueIdentifier>
    </Filter>
    <Filter Include="Source\Asset">
      <UniqueIdentifier>{f064d764-dba9-41b2-b334-381d012b2067}</UniqueIdentifier>
    </Filter>
  </ItemGroup>
  <ItemGroup>
    <ClCompile Include="Application.cpp">
      <Filter>Source\Application</Filter>
    </ClCompile>
    <ClCompile Include="WindowsWindow.cpp">
      <Filter>Source\Platform\Windows</Filter>
    </ClCompile>
    <ClCompile Include="D3D12Device.cpp">
      <Filter>Source\RHI\D3D12</Filter>
    </ClCompile>
    <ClCompile Include="Main.cpp">
      <Filter>Source</Filter>
    </ClCompile>
    <ClCompile Include="D3D12CommandQueue.cpp">
      <Filter>Source\RHI\D3D12</Filter>
    </ClCompile>
    <ClCompile Include="D3D12CommandContext.cpp">
      <Filter>Source\RHI\D3D12</Filter>
    </ClCompile>
    <ClCompile Include="D3D12SwapChain.cpp">
      <Filter>Source\RHI\D3D12</Filter>
    </ClCompile>
    <ClCompile Include="Renderer.cpp">
      <Filter>Source\Renderer</Filter>
    </ClCompile>
    <ClCompile Include="Camera.cpp">
      <Filter>Source\Scene</Filter>
    </ClCompile>
    <ClCompile Include="Mesh.cpp">
      <Filter>Source\Renderer</Filter>
    </ClCompile>
    <ClCompile Include="GeometryGenerator.cpp">
      <Filter>Source\Renderer</Filter>
    </ClCompile>
    <ClCompile Include="D3D12ResourceUploader.cpp">
      <Filter>Source\RHI\D3D12</Filter>
    </ClCompile>
    <ClCompile Include="D3D12DescriptorAllocator.cpp">
      <Filter>Source\RHI\D3D12</Filter>
    </ClCompile>
    <ClCompile Include="Texture.cpp">
      <Filter>Source\Renderer</Filter>
    </ClCompile>
    <ClCompile Include="Material.cpp">
      <Filter>Source\Renderer</Filter>
    </ClCompile>
    <ClCompile Include="GLTFLoader.cpp">
      <Filter>Source\Asset</Filter>
    </ClCompile>
    <ClCompile Include="ImageLoader.cpp">
      <Filter>Source\Asset</Filter>
    </ClCompile>
    <ClCompile Include="Scene.cpp" />
  </ItemGroup>
  <ItemGroup>
    <ClInclude Include="Application.h">
      <Filter>Source\Application</Filter>
    </ClInclude>
    <ClInclude Include="WindowsWindow.h">
      <Filter>Source\Platform\Windows</Filter>
    </ClInclude>
    <ClInclude Include="D3D12Device.h">
      <Filter>Source\RHI\D3D12</Filter>
    </ClInclude>
    <ClInclude Include="D3D12CommandQueue.h">
      <Filter>Source\RHI\D3D12</Filter>
    </ClInclude>
    <ClInclude Include="D3D12CommandContext.h">
      <Filter>Source\RHI\D3D12</Filter>
    </ClInclude>
    <ClInclude Include="D3D12SwapChain.h">
      <Filter>Source\RHI\D3D12</Filter>
    </ClInclude>
    <ClInclude Include="Renderer.h">
      <Filter>Source\Renderer</Filter>
    </ClInclude>
    <ClInclude Include="Camera.h">
      <Filter>Source\Scene</Filter>
    </ClInclude>
    <ClInclude Include="MeshData.h">
      <Filter>Source\Scene</Filter>
    </ClInclude>
    <ClInclude Include="Mesh.h">
      <Filter>Source\Renderer</Filter>
    </ClInclude>
    <ClInclude Include="GeometryGenerator.h">
      <Filter>Source\Renderer</Filter>
    </ClInclude>
    <ClInclude Include="D3D12ResourceUploader.h">
      <Filter>Source\RHI\D3D12</Filter>
    </ClInclude>
    <ClInclude Include="D3D12DescriptorAllocator.h">
      <Filter>Source\RHI\D3D12</Filter>
    </ClInclude>
    <ClInclude Include="Texture.h">
      <Filter>Source\Renderer</Filter>
    </ClInclude>
    <ClInclude Include="Material.h">
      <Filter>Source\Renderer</Filter>
    </ClInclude>
    <ClInclude Include="ModelData.h">
      <Filter>Source\Asset</Filter>
    </ClInclude>
    <ClInclude Include="GLTFLoader.h">
      <Filter>Source\Asset</Filter>
    </ClInclude>
    <ClInclude Include="ImageData.h">
      <Filter>Source\Asset</Filter>
    </ClInclude>
    <ClInclude Include="ImageLoader.h">
      <Filter>Source\Asset</Filter>
    </ClInclude>
    <ClInclude Include="Scene.h" />
    <ClInclude Include="RenderModel.h" />
    <ClInclude Include="RenderObject.h" />
    <ClInclude Include="DrawCommand.h">
      <Filter>Source\Renderer</Filter>
    </ClInclude>
  </ItemGroup>
  <ItemGroup>
    <None Include="Triangle.hlsl">
      <Filter>Source\Shaders</Filter>
    </None>
    <None Include="ShadowShader.hlsl">
      <Filter>Source\Shaders</Filter>
    </None>
    <None Include="GBufferShader.hlsl">
      <Filter>Source\Shaders</Filter>
    </None>
    <None Include="DeferredLighting.hlsl">
      <Filter>Source\Shaders</Filter>
    </None>
    <None Include="ToneMapping.hlsl">
      <Filter>Source\Shaders</Filter>
    </None>
  </ItemGroup>
</Project>